
Microsoft Visual Studio Solution File, Format Version 12.00
# Visual Studio 15
VisualStudioVersion = 15.0.27130.2026
MinimumVisualStudioVersion = 10.0.40219.1
Project("{9A19103F-16F7-4668-BE54-9A1E7A4F7556}") = "MMLib.RandomApi", "..\MMLib.RandomApi.csproj", "{DCE85F9A-3515-4835-9B2F-7970DA04BCE8}"
EndProject
Global
	GlobalSection(SolutionConfigurationPlatforms) = preSolution
		Debug|Any CPU = Debug|Any CPU
		Release|Any CPU = Release|Any CPU
	EndGlobalSection
	GlobalSection(ProjectConfigurationPlatforms) = postSolution
		{DCE85F9A-3515-4835-9B2F-7970DA04BCE8}.Debug|Any CPU.ActiveCfg = Debug|Any CPU
		{DCE85F9A-3515-4835-9B2F-7970DA04BCE8}.Debug|Any CPU.Build.0 = Debug|Any CPU
		{DCE85F9A-3515-4835-9B2F-7970DA04BCE8}.Release|Any CPU.ActiveCfg = Release|Any CPU
		{DCE85F9A-3515-4835-9B2F-7970DA04BCE8}.Release|Any CPU.Build.0 = Release|Any CPU
	EndGlobalSection
	GlobalSection(SolutionProperties) = preSolution
		HideSolutionNode = FALSE
	EndGlobalSection
	GlobalSection(ExtensibilityGlobals) = postSolution
		SolutionGuid = {FA28ECAC-3528-4C80-8D37-7E904F48B6C7}
	EndGlobalSection
EndGlobal
